// !$*UTF8*$!
{
	archiveVersion = 1;
	classes = {
	};
	objectVersion = 50;
	objects = {

/* Begin PBXBuildFile section */
		BE47490123CEC17400E7E943 /* AppDelegate.swift in Sources */ = {isa = PBXBuildFile; fileRef = BE47490023CEC17400E7E943 /* AppDelegate.swift */; };
		BE47490323CEC17400E7E943 /* SceneDelegate.swift in Sources */ = {isa = PBXBuildFile; fileRef = BE47490223CEC17400E7E943 /* SceneDelegate.swift */; };
		BE47490523CEC17400E7E943 /* ContentView.swift in Sources */ = {isa = PBXBuildFile; fileRef = BE47490423CEC17400E7E943 /* ContentView.swift */; };
		BE47490723CEC17500E7E943 /* Assets.xcassets in Resources */ = {isa = PBXBuildFile; fileRef = BE47490623CEC17500E7E943 /* Assets.xcassets */; };
		BE47490A23CEC17500E7E943 /* Preview Assets.xcassets in Resources */ = {isa = PBXBuildFile; fileRef = BE47490923CEC17500E7E943 /* Preview Assets.xcassets */; };
		BE47490D23CEC17500E7E943 /* LaunchScreen.storyboard in Resources */ = {isa = PBXBuildFile; fileRef = BE47490B23CEC17500E7E943 /* LaunchScreen.storyboard */; };
		BE47491A23CEE22500E7E943 /* DoraemonMemoryUtil.m in Sources */ = {isa = PBXBuildFile; fileRef = BE47491923CEE22500E7E943 /* DoraemonMemoryUtil.m */; };
		BEFDBDAB23CF250C00924E44 /* DoraemonCPUUtil.m in Sources */ = {isa = PBXBuildFile; fileRef = BEFDBDAA23CF250C00924E44 /* DoraemonCPUUtil.m */; };
		BEFDBDB123CF271300924E44 /* StateModel.swift in Sources */ = {isa = PBXBuildFile; fileRef = BEFDBDB023CF271300924E44 /* StateModel.swift */; };
		BEFDBDB423D0025500924E44 /* Store.swift in Sources */ = {isa = PBXBuildFile; fileRef = BEFDBDB323D0025500924E44 /* Store.swift */; };
		BEFDBDB623D0026200924E44 /* AppState.swift in Sources */ = {isa = PBXBuildFile; fileRef = BEFDBDB523D0026200924E44 /* AppState.swift */; };
		BEFDBDB823D0027500924E44 /* AppError.swift in Sources */ = {isa = PBXBuildFile; fileRef = BEFDBDB723D0027500924E44 /* AppError.swift */; };
		BEFDBDBA23D0028000924E44 /* AppCommand.swift in Sources */ = {isa = PBXBuildFile; fileRef = BEFDBDB923D0028000924E44 /* AppCommand.swift */; };
		BEFDBDBC23D0028F00924E44 /* AppAction.swift in Sources */ = {isa = PBXBuildFile; fileRef = BEFDBDBB23D0028F00924E44 /* AppAction.swift */; };
		BEFDBDBE23D011C900924E44 /* FileHelper.swift in Sources */ = {isa = PBXBuildFile; fileRef = BEFDBDBD23D011C900924E44 /* FileHelper.swift */; };
		BEFDBDC223D0120800924E44 /* FileStorage.swift in Sources */ = {isa = PBXBuildFile; fileRef = BEFDBDC123D0120800924E44 /* FileStorage.swift */; };
		BEFDBDC423D0387C00924E44 /* Helpers.swift in Sources */ = {isa = PBXBuildFile; fileRef = BEFDBDC323D0387C00924E44 /* Helpers.swift */; };
		BEFDBDC723D03B8500924E44 /* Int.swift in Sources */ = {isa = PBXBuildFile; fileRef = BEFDBDC623D03B8500924E44 /* Int.swift */; };
/* End PBXBuildFile section */

/* Begin PBXFileReference section */
		BE4748FD23CEC17400E7E943 /* MemoryUsage.app */ = {isa = PBXFileReference; explicitFileType = wrapper.application; includeInIndex = 0; path = MemoryUsage.app; sourceTree = BUILT_PRODUCTS_DIR; };
		BE47490023CEC17400E7E943 /* AppDelegate.swift */ = {isa = PBXFileReference; lastKnownFileType = sourcecode.swift; path = AppDelegate.swift; sourceTree = "<group>"; };
		BE47490223CEC17400E7E943 /* SceneDelegate.swift */ = {isa = PBXFileReference; lastKnownFileType = sourcecode.swift; path = SceneDelegate.swift; sourceTree = "<group>"; };
		BE47490423CEC17400E7E943 /* ContentView.swift */ = {isa = PBXFileReference; lastKnownFileType = sourcecode.swift; path = ContentView.swift; sourceTree = "<group>"; };
		BE47490623CEC17500E7E943 /* Assets.xcassets */ = {isa = PBXFileReference; lastKnownFileType = folder.assetcatalog; path = Assets.xcassets; sourceTree = "<group>"; };
		BE47490923CEC17500E7E943 /* Preview Assets.xcassets */ = {isa = PBXFileReference; lastKnownFileType = folder.assetcatalog; path = "Preview Assets.xcassets"; sourceTree = "<group>"; };
		BE47490C23CEC17500E7E943 /* Base */ = {isa = PBXFileReference; lastKnownFileType = file.storyboard; name = Base; path = Base.lproj/LaunchScreen.storyboard; sourceTree = "<group>"; };
		BE47490E23CEC17500E7E943 /* Info.plist */ = {isa = PBXFileReference; lastKnownFileType = text.plist.xml; path = Info.plist; sourceTree = "<group>"; };
		BE47491723CEE22400E7E943 /* MemoryUsage-Bridging-Header.h */ = {isa = PBXFileReference; lastKnownFileType = sourcecode.c.h; path = "MemoryUsage-Bridging-Header.h"; sourceTree = "<group>"; };
		BE47491823CEE22500E7E943 /* DoraemonMemoryUtil.h */ = {isa = PBXFileReference; fileEncoding = 4; lastKnownFileType = sourcecode.c.h; path = DoraemonMemoryUtil.h; sourceTree = "<group>"; };
		BE47491923CEE22500E7E943 /* DoraemonMemoryUtil.m */ = {isa = PBXFileReference; fileEncoding = 4; lastKnownFileType = sourcecode.c.objc; path = DoraemonMemoryUtil.m; sourceTree = "<group>"; };
		BE47491B23CEF03600E7E943 /* MemoryUsage.entitlements */ = {isa = PBXFileReference; lastKnownFileType = text.plist.entitlements; path = MemoryUsage.entitlements; sourceTree = "<group>"; };
		BEFDBDA923CF250B00924E44 /* DoraemonCPUUtil.h */ = {isa = PBXFileReference; fileEncoding = 4; lastKnownFileType = sourcecode.c.h; path = DoraemonCPUUtil.h; sourceTree = "<group>"; };
		BEFDBDAA23CF250C00924E44 /* DoraemonCPUUtil.m */ = {isa = PBXFileReference; fileEncoding = 4; lastKnownFileType = sourcecode.c.objc; path = DoraemonCPUUtil.m; sourceTree = "<group>"; };
		BEFDBDB023CF271300924E44 /* StateModel.swift */ = {isa = PBXFileReference; lastKnownFileType = sourcecode.swift; path = StateModel.swift; sourceTree = "<group>"; };
		BEFDBDB323D0025500924E44 /* Store.swift */ = {isa = PBXFileReference; lastKnownFileType = sourcecode.swift; path = Store.swift; sourceTree = "<group>"; };
		BEFDBDB523D0026200924E44 /* AppState.swift */ = {isa = PBXFileReference; lastKnownFileType = sourcecode.swift; path = AppState.swift; sourceTree = "<group>"; };
		BEFDBDB723D0027500924E44 /* AppError.swift */ = {isa = PBXFileReference; lastKnownFileType = sourcecode.swift; path = AppError.swift; sourceTree = "<group>"; };
		BEFDBDB923D0028000924E44 /* AppCommand.swift */ = {isa = PBXFileReference; lastKnownFileType = sourcecode.swift; path = AppCommand.swift; sourceTree = "<group>"; };
		BEFDBDBB23D0028F00924E44 /* AppAction.swift */ = {isa = PBXFileReference; lastKnownFileType = sourcecode.swift; path = AppAction.swift; sourceTree = "<group>"; };
		BEFDBDBD23D011C900924E44 /* FileHelper.swift */ = {isa = PBXFileReference; fileEncoding = 4; lastKnownFileType = sourcecode.swift; path = FileHelper.swift; sourceTree = "<group>"; };
		BEFDBDC123D0120800924E44 /* FileStorage.swift */ = {isa = PBXFileReference; fileEncoding = 4; lastKnownFileType = sourcecode.swift; path = FileStorage.swift; sourceTree = "<group>"; };
		BEFDBDC323D0387C00924E44 /* Helpers.swift */ = {isa = PBXFileReference; fileEncoding = 4; lastKnownFileType = sourcecode.swift; path = Helpers.swift; sourceTree = "<group>"; };
		BEFDBDC623D03B8500924E44 /* Int.swift */ = {isa = PBXFileReference; lastKnownFileType = sourcecode.swift; path = Int.swift; sourceTree = "<group>"; };
/* End PBXFileReference section */

/* Begin PBXFrameworksBuildPhase section */
		BE4748FA23CEC17400E7E943 /* Frameworks */ = {
			isa = PBXFrameworksBuildPhase;
			buildActionMask = 2147483647;
			files = (
			);
			runOnlyForDeploymentPostprocessing = 0;
		};
/* End PBXFrameworksBuildPhase section */

/* Begin PBXGroup section */
		BE4748F423CEC17400E7E943 = {
			isa = PBXGroup;
			children = (
				BE4748FF23CEC17400E7E943 /* MemoryUsage */,
				BE4748FE23CEC17400E7E943 /* Products */,
			);
			sourceTree = "<group>";
		};
		BE4748FE23CEC17400E7E943 /* Products */ = {
			isa = PBXGroup;
			children = (
				BE4748FD23CEC17400E7E943 /* MemoryUsage.app */,
			);
			name = Products;
			sourceTree = "<group>";
		};
		BE4748FF23CEC17400E7E943 /* MemoryUsage */ = {
			isa = PBXGroup;
			children = (
				BE47491B23CEF03600E7E943 /* MemoryUsage.entitlements */,
				BE47490023CEC17400E7E943 /* AppDelegate.swift */,
				BE47490223CEC17400E7E943 /* SceneDelegate.swift */,
				BE47490423CEC17400E7E943 /* ContentView.swift */,
				BEFDBDBF23D011D400924E44 /* State */,
				BEFDBDB023CF271300924E44 /* StateModel.swift */,
				BE47490623CEC17500E7E943 /* Assets.xcassets */,
				BE47490B23CEC17500E7E943 /* LaunchScreen.storyboard */,
				BE47490E23CEC17500E7E943 /* Info.plist */,
				BE47490823CEC17500E7E943 /* Preview Content */,
				BE47491723CEE22400E7E943 /* MemoryUsage-Bridging-Header.h */,
				BEFDBDC523D03B4B00924E44 /* Extensions */,
				BEFDBDAD23CF251C00924E44 /* Utilities */,
			);
			path = MemoryUsage;
			sourceTree = "<group>";
		};
		BE47490823CEC17500E7E943 /* Preview Content */ = {
			isa = PBXGroup;
			children = (
				BE47490923CEC17500E7E943 /* Preview Assets.xcassets */,
			);
			path = "Preview Content";
			sourceTree = "<group>";
		};
		BEFDBDAD23CF251C00924E44 /* Utilities */ = {
			isa = PBXGroup;
			children = (
				BE47491823CEE22500E7E943 /* DoraemonMemoryUtil.h */,
				BE47491923CEE22500E7E943 /* DoraemonMemoryUtil.m */,
				BEFDBDA923CF250B00924E44 /* DoraemonCPUUtil.h */,
				BEFDBDAA23CF250C00924E44 /* DoraemonCPUUtil.m */,
				BEFDBDBD23D011C900924E44 /* FileHelper.swift */,
				BEFDBDC323D0387C00924E44 /* Helpers.swift */,
			);
			path = Utilities;
			sourceTree = "<group>";
		};
		BEFDBDB223D0024700924E44 /* DataFlow */ = {
			isa = PBXGroup;
			children = (
				BEFDBDB323D0025500924E44 /* Store.swift */,
				BEFDBDB523D0026200924E44 /* AppState.swift */,
				BEFDBDBB23D0028F00924E44 /* AppAction.swift */,
				BEFDBDB923D0028000924E44 /* AppCommand.swift */,
				BEFDBDB723D0027500924E44 /* AppError.swift */,
			);
			path = DataFlow;
			sourceTree = "<group>";
		};
		BEFDBDBF23D011D400924E44 /* State */ = {
			isa = PBXGroup;
			children = (
				BEFDBDB223D0024700924E44 /* DataFlow */,
				BEFDBDC023D011E500924E44 /* FileIO */,
			);
			path = State;
			sourceTree = "<group>";
		};
		BEFDBDC023D011E500924E44 /* FileIO */ = {
			isa = PBXGroup;
			children = (
				BEFDBDC123D0120800924E44 /* FileStorage.swift */,
			);
			path = FileIO;
			sourceTree = "<group>";
		};
		BEFDBDC523D03B4B00924E44 /* Extensions */ = {
			isa = PBXGroup;
			children = (
				BEFDBDC623D03B8500924E44 /* Int.swift */,
			);
			path = Extensions;
			sourceTree = "<group>";
		};
/* End PBXGroup section */

/* Begin PBXNativeTarget section */
		BE4748FC23CEC17400E7E943 /* MemoryUsage */ = {
			isa = PBXNativeTarget;
			buildConfigurationList = BE47491123CEC17500E7E943 /* Build configuration list for PBXNativeTarget "MemoryUsage" */;
			buildPhases = (
				BE4748F923CEC17400E7E943 /* Sources */,
				BE4748FA23CEC17400E7E943 /* Frameworks */,
				BE4748FB23CEC17400E7E943 /* Resources */,
			);
			buildRules = (
			);
			dependencies = (
			);
			name = MemoryUsage;
			productName = MemoryUsage;
			productReference = BE4748FD23CEC17400E7E943 /* MemoryUsage.app */;
			productType = "com.apple.product-type.application";
		};
/* End PBXNativeTarget section */

/* Begin PBXProject section */
		BE4748F523CEC17400E7E943 /* Project object */ = {
			isa = PBXProject;
			attributes = {
				LastSwiftUpdateCheck = 1130;
				LastUpgradeCheck = 1210;
				ORGANIZATIONNAME = gewill.org;
				TargetAttributes = {
					BE4748FC23CEC17400E7E943 = {
						CreatedOnToolsVersion = 11.3.1;
						LastSwiftMigration = 1130;
					};
				};
			};
			buildConfigurationList = BE4748F823CEC17400E7E943 /* Build configuration list for PBXProject "MemoryUsage" */;
			compatibilityVersion = "Xcode 9.3";
			developmentRegion = en;
			hasScannedForEncodings = 0;
			knownRegions = (
				en,
				Base,
			);
			mainGroup = BE4748F423CEC17400E7E943;
			productRefGroup = BE4748FE23CEC17400E7E943 /* Products */;
			projectDirPath = "";
			projectRoot = "";
			targets = (
				BE4748FC23CEC17400E7E943 /* MemoryUsage */,
			);
		};
/* End PBXProject section */

/* Begin PBXResourcesBuildPhase section */
		BE4748FB23CEC17400E7E943 /* Resources */ = {
			isa = PBXResourcesBuildPhase;
			buildActionMask = 2147483647;
			files = (
				BE47490D23CEC17500E7E943 /* LaunchScreen.storyboard in Resources */,
				BE47490A23CEC17500E7E943 /* Preview Assets.xcassets in Resources */,
				BE47490723CEC17500E7E943 /* Assets.xcassets in Resources */,
			);
			runOnlyForDeploymentPostprocessing = 0;
		};
/* End PBXResourcesBuildPhase section */

/* Begin PBXSourcesBuildPhase section */
		BE4748F923CEC17400E7E943 /* Sources */ = {
			isa = PBXSourcesBuildPhase;
			buildActionMask = 2147483647;
			files = (
				BE47490123CEC17400E7E943 /* AppDelegate.swift in Sources */,
				BEFDBDC423D0387C00924E44 /* Helpers.swift in Sources */,
				BEFDBDBC23D0028F00924E44 /* AppAction.swift in Sources */,
				BE47490323CEC17400E7E943 /* SceneDelegate.swift in Sources */,
				BEFDBDB823D0027500924E44 /* AppError.swift in Sources */,
				BE47490523CEC17400E7E943 /* ContentView.swift in Sources */,
				BEFDBDB623D0026200924E44 /* AppState.swift in Sources */,
				BEFDBDC223D0120800924E44 /* FileStorage.swift in Sources */,
				BEFDBDB423D0025500924E44 /* Store.swift in Sources */,
				BE47491A23CEE22500E7E943 /* DoraemonMemoryUtil.m in Sources */,
				BEFDBDB123CF271300924E44 /* StateModel.swift in Sources */,
				BEFDBDAB23CF250C00924E44 /* DoraemonCPUUtil.m in Sources */,
				BEFDBDC723D03B8500924E44 /* Int.swift in Sources */,
				BEFDBDBA23D0028000924E44 /* AppCommand.swift in Sources */,
				BEFDBDBE23D011C900924E44 /* FileHelper.swift in Sources */,
			);
			runOnlyForDeploymentPostprocessing = 0;
		};
/* End PBXSourcesBuildPhase section */

/* Begin PBXVariantGroup section */
		BE47490B23CEC17500E7E943 /* LaunchScreen.storyboard */ = {
			isa = PBXVariantGroup;
			children = (
				BE47490C23CEC17500E7E943 /* Base */,
			);
			name = LaunchScreen.storyboard;
			sourceTree = "<group>";
		};
/* End PBXVariantGroup section */

/* Begin XCBuildConfiguration section */
		BE47490F23CEC17500E7E943 /* Debug */ = {
			isa = XCBuildConfiguration;
			buildSettings = {
				ALWAYS_SEARCH_USER_PATHS = NO;
				CLANG_ANALYZER_NONNULL = YES;
				CLANG_ANALYZER_NUMBER_OBJECT_CONVERSION = YES_AGGRESSIVE;
				CLANG_CXX_LANGUAGE_STANDARD = "gnu++14";
				CLANG_CXX_LIBRARY = "libc++";
				CLANG_ENABLE_MODULES = YES;
				CLANG_ENABLE_OBJC_ARC = YES;
				CLANG_ENABLE_OBJC_WEAK = YES;
				CLANG_WARN_BLOCK_CAPTURE_AUTORELEASING = YES;
				CLANG_WARN_BOOL_CONVERSION = YES;
				CLANG_WARN_COMMA = YES;
				CLANG_WARN_CONSTANT_CONVERSION = YES;
				CLANG_WARN_DEPRECATED_OBJC_IMPLEMENTATIONS = YES;
				CLANG_WARN_DIRECT_OBJC_ISA_USAGE = YES_ERROR;
				CLANG_WARN_DOCUMENTATION_COMMENTS = YES;
				CLANG_WARN_EMPTY_BODY = YES;
				CLANG_WARN_ENUM_CONVERSION = YES;
				CLANG_WARN_INFINITE_RECURSION = YES;
				CLANG_WARN_INT_CONVERSION = YES;
				CLANG_WARN_NON_LITERAL_NULL_CONVERSION = YES;
				CLANG_WARN_OBJC_IMPLICIT_RETAIN_SELF = YES;
				CLANG_WARN_OBJC_LITERAL_CONVERSION = YES;
				CLANG_WARN_OBJC_ROOT_CLASS = YES_ERROR;
				CLANG_WARN_QUOTED_INCLUDE_IN_FRAMEWORK_HEADER = YES;
				CLANG_WARN_RANGE_LOOP_ANALYSIS = YES;
				CLANG_WARN_STRICT_PROTOTYPES = YES;
				CLANG_WARN_SUSPICIOUS_MOVE = YES;
				CLANG_WARN_UNGUARDED_AVAILABILITY = YES_AGGRESSIVE;
				CLANG_WARN_UNREACHABLE_CODE = YES;
				CLANG_WARN__DUPLICATE_METHOD_MATCH = YES;
				COPY_PHASE_STRIP = NO;
				DEBUG_INFORMATION_FORMAT = dwarf;
				ENABLE_STRICT_OBJC_MSGSEND = YES;
				ENABLE_TESTABILITY = YES;
				GCC_C_LANGUAGE_STANDARD = gnu11;
				GCC_DYNAMIC_NO_PIC = NO;
				GCC_NO_COMMON_BLOCKS = YES;
				GCC_OPTIMIZATION_LEVEL = 0;
				GCC_PREPROCESSOR_DEFINITIONS = (
					"DEBUG=1",
					"$(inherited)",
				);
				GCC_WARN_64_TO_32_BIT_CONVERSION = YES;
				GCC_WARN_ABOUT_RETURN_TYPE = YES_ERROR;
				GCC_WARN_UNDECLARED_SELECTOR = YES;
				GCC_WARN_UNINITIALIZED_AUTOS = YES_AGGRESSIVE;
				GCC_WARN_UNUSED_FUNCTION = YES;
				GCC_WARN_UNUSED_VARIABLE = YES;
				IPHONEOS_DEPLOYMENT_TARGET = 13.2;
				MTL_ENABLE_DEBUG_INFO = INCLUDE_SOURCE;
				MTL_FAST_MATH = YES;
				ONLY_ACTIVE_ARCH = YES;
				SDKROOT = iphoneos;
				SWIFT_ACTIVE_COMPILATION_CONDITIONS = DEBUG;
				SWIFT_OPTIMIZATION_LEVEL = "-Onone";
			};
			name = Debug;
		};
		BE47491023CEC17500E7E943 /* Release */ = {
			isa = XCBuildConfiguration;
			buildSettings = {
				ALWAYS_SEARCH_USER_PATHS = NO;
				CLANG_ANALYZER_NONNULL = YES;
				CLANG_ANALYZER_NUMBER_OBJECT_CONVERSION = YES_AGGRESSIVE;
				CLANG_CXX_LANGUAGE_STANDARD = "gnu++14";
				CLANG_CXX_LIBRARY = "libc++";
				CLANG_ENABLE_MODULES = YES;
				CLANG_ENABLE_OBJC_ARC = YES;
				CLANG_ENABLE_OBJC_WEAK = YES;
				CLANG_WARN_BLOCK_CAPTURE_AUTORELEASING = YES;
				CLANG_WARN_BOOL_CONVERSION = YES;
				CLANG_WARN_COMMA = YES;
				CLANG_WARN_CONSTANT_CONVERSION = YES;
				CLANG_WARN_DEPRECATED_OBJC_IMPLEMENTATIONS = YES;
				CLANG_WARN_DIRECT_OBJC_ISA_USAGE = YES_ERROR;
				CLANG_WARN_DOCUMENTATION_COMMENTS = YES;
				CLANG_WARN_EMPTY_BODY = YES;
				CLANG_WARN_ENUM_CONVERSION = YES;
				CLANG_WARN_INFINITE_RECURSION = YES;
				CLANG_WARN_INT_CONVERSION = YES;
				CLANG_WARN_NON_LITERAL_NULL_CONVERSION = YES;
				CLANG_WARN_OBJC_IMPLICIT_RETAIN_SELF = YES;
				CLANG_WARN_OBJC_LITERAL_CONVERSION = YES;
				CLANG_WARN_OBJC_ROOT_CLASS = YES_ERROR;
				CLANG_WARN_QUOTED_INCLUDE_IN_FRAMEWORK_HEADER = YES;
				CLANG_WARN_RANGE_LOOP_ANALYSIS = YES;
				CLANG_WARN_STRICT_PROTOTYPES = YES;
				CLANG_WARN_SUSPICIOUS_MOVE = YES;
				CLANG_WARN_UNGUARDED_AVAILABILITY = YES_AGGRESSIVE;
				CLANG_WARN_UNREACHABLE_CODE = YES;
				CLANG_WARN__DUPLICATE_METHOD_MATCH = YES;
				COPY_PHASE_STRIP = NO;
				DEBUG_INFORMATION_FORMAT = "dwarf-with-dsym";
				ENABLE_NS_ASSERTIONS = NO;
				ENABLE_STRICT_OBJC_MSGSEND = YES;
				GCC_C_LANGUAGE_STANDARD = gnu11;
				GCC_NO_COMMON_BLOCKS = YES;
				GCC_WARN_64_TO_32_BIT_CONVERSION = YES;
				GCC_WARN_ABOUT_RETURN_TYPE = YES_ERROR;
				GCC_WARN_UNDECLARED_SELECTOR = YES;
				GCC_WARN_UNINITIALIZED_AUTOS = YES_AGGRESSIVE;
				GCC_WARN_UNUSED_FUNCTION = YES;
				GCC_WARN_UNUSED_VARIABLE = YES;
				IPHONEOS_DEPLOYMENT_TARGET = 13.2;
				MTL_ENABLE_DEBUG_INFO = NO;
				MTL_FAST_MATH = YES;
				SDKROOT = iphoneos;
				SWIFT_COMPILATION_MODE = wholemodule;
				SWIFT_OPTIMIZATION_LEVEL = "-O";
				VALIDATE_PRODUCT = YES;
			};
			name = Release;
		};
		BE47491223CEC17500E7E943 /* Debug */ = {
			isa = XCBuildConfiguration;
			buildSettings = {
				ASSETCATALOG_COMPILER_APPICON_NAME = AppIcon;
				CLANG_ENABLE_MODULES = YES;
				CODE_SIGN_ENTITLEMENTS = MemoryUsage/MemoryUsage.entitlements;
				CODE_SIGN_STYLE = Automatic;
				CURRENT_PROJECT_VERSION = 3;
				DERIVE_MACCATALYST_PRODUCT_BUNDLE_IDENTIFIER = YES;
				DEVELOPMENT_ASSET_PATHS = "\"MemoryUsage/Preview Content\"";
				DEVELOPMENT_TEAM = RLK76T8Y89;
				ENABLE_PREVIEWS = YES;
				INFOPLIST_FILE = MemoryUsage/Info.plist;
				LD_RUNPATH_SEARCH_PATHS = (
					"$(inherited)",
					"@executable_path/Frameworks",
				);
				PRODUCT_BUNDLE_IDENTIFIER = org.gewill.MemoryUsage;
				PRODUCT_NAME = "$(TARGET_NAME)";
				SUPPORTS_MACCATALYST = YES;
				SWIFT_OBJC_BRIDGING_HEADER = "MemoryUsage/MemoryUsage-Bridging-Header.h";
				SWIFT_OPTIMIZATION_LEVEL = "-Onone";
				SWIFT_VERSION = 5.0;
				TARGETED_DEVICE_FAMILY = "1,2";
				VERSIONING_SYSTEM = "apple-generic";
			};
			name = Debug;
		};
		BE47491323CEC17500E7E943 /* Release */ = {
			isa = XCBuildConfiguration;
			buildSettings = {
				ASSETCATALOG_COMPILER_APPICON_NAME = AppIcon;
				CLANG_ENABLE_MODULES = YES;
				CODE_SIGN_ENTITLEMENTS = MemoryUsage/MemoryUsage.entitlements;
				CODE_SIGN_STYLE = Automatic;
				CURRENT_PROJECT_VERSION = 3;
				DERIVE_MACCATALYST_PRODUCT_BUNDLE_IDENTIFIER = YES;
				DEVELOPMENT_ASSET_PATHS = "\"MemoryUsage/Preview Content\"";
				DEVELOPMENT_TEAM = RLK76T8Y89;
				ENABLE_PREVIEWS = YES;
				INFOPLIST_FILE = MemoryUsage/Info.plist;
				LD_RUNPATH_SEARCH_PATHS = (
					"$(inherited)",
					"@executable_path/Frameworks",
				);
				PRODUCT_BUNDLE_IDENTIFIER = org.gewill.MemoryUsage;
				PRODUCT_NAME = "$(TARGET_NAME)";
				SUPPORTS_MACCATALYST = YES;
				SWIFT_OBJC_BRIDGING_HEADER = "MemoryUsage/MemoryUsage-Bridging-Header.h";
				SWIFT_VERSION = 5.0;
				TARGETED_DEVICE_FAMILY = "1,2";
				VERSIONING_SYSTEM = "apple-generic";
			};
			name = Release;
		};
/* End XCBuildConfiguration section */

/* Begin XCConfigurationList section */
		BE4748F823CEC17400E7E943 /* Build configuration list for PBXProject "MemoryUsage" */ = {
			isa = XCConfigurationList;
			buildConfigurations = (
				BE47490F23CEC17500E7E943 /* Debug */,
				BE47491023CEC17500E7E943 /* Release */,
			);
			defaultConfigurationIsVisible = 0;
			defaultConfigurationName = Release;
		};
		BE47491123CEC17500E7E943 /* Build configuration list for PBXNativeTarget "MemoryUsage" */ = {
			isa = XCConfigurationList;
			buildConfigurations = (
				BE47491223CEC17500E7E943 /* Debug */,
				BE47491323CEC17500E7E943 /* Release */,
			);
			defaultConfigurationIsVisible = 0;
			defaultConfigurationName = Release;
		};
/* End XCConfigurationList section */
	};
	rootObject = BE4748F523CEC17400E7E943 /* Project object */;
}
